PODS:
  - MultiplatformPagingLibrary (1.0.0)

DEPENDENCIES:
  - MultiplatformPagingLibrary (from `../multiplatform-library`)

EXTERNAL SOURCES:
  MultiplatformPagingLibrary:
    :path: "../multiplatform-library"

SPEC CHECKSUMS:
  MultiplatformPagingLibrary: a6215fb23e964e897b8d62447773d3f36e65aab8

PODFILE CHECKSUM: c5f6599014b55d7b66ed4c34abcd4e790335e753

COCOAPODS: 1.11.2
