PODS:
  - MultiplatformPagingLibrary (1.0.0)

DEPENDENCIES:
  - MultiplatformPagingLibrary (from `../multiplatform-library`)

EXTERNAL SOURCES:
  MultiplatformPagingLibrary:
    :path: "../multiplatform-library"

SPEC CHECKSUMS:
  MultiplatformPagingLibrary: 22d5dc46fc8196f15b9e407624e16fdcd28d378b

PODFILE CHECKSUM: c5f6599014b55d7b66ed4c34abcd4e790335e753

COCOAPODS: 1.11.3
