PODS:
  - MultiplatformPagingLibrary (1.0.0)

DEPENDENCIES:
  - MultiplatformPagingLibrary (from `../multiplatform-library`)

EXTERNAL SOURCES:
  MultiplatformPagingLibrary:
    :path: "../multiplatform-library"

SPEC CHECKSUMS:
  MultiplatformPagingLibrary: 8867627ad6564512375106224f42a3b72d8a7c72

PODFILE CHECKSUM: c5f6599014b55d7b66ed4c34abcd4e790335e753

COCOAPODS: 1.9.3
